// !$*UTF8*$!
{
	archiveVersion = 1;
	classes = {
	};
	objectVersion = 55;
	objects = {

/* Begin PBXBuildFile section */
		D50C01712801983B006D8583 /* AllCitiesTableViewController.swift in Sources */ = {isa = PBXBuildFile; fileRef = D50C01702801983B006D8583 /* AllCitiesTableViewController.swift */; };
		D50C017C2801BA6E006D8583 /* MyCitiesTableViewController.swift in Sources */ = {isa = PBXBuildFile; fileRef = D50C017B2801BA6E006D8583 /* MyCitiesTableViewController.swift */; };
		D50C017F2801CDA3006D8583 /* WeatherViewController.swift in Sources */ = {isa = PBXBuildFile; fileRef = D50C017E2801CDA3006D8583 /* WeatherViewController.swift */; };
		D50C01812801CDBD006D8583 /* WeatherCollectionViewCell.swift in Sources */ = {isa = PBXBuildFile; fileRef = D50C01802801CDBD006D8583 /* WeatherCollectionViewCell.swift */; };
		D53C9FD028097526004A7369 /* GradientUIView.swift in Sources */ = {isa = PBXBuildFile; fileRef = D53C9FCF28097526004A7369 /* GradientUIView.swift */; };
		D53C9FD328097DE7004A7369 /* WeekDayPickerUIControl.swift in Sources */ = {isa = PBXBuildFile; fileRef = D53C9FD228097DE7004A7369 /* WeekDayPickerUIControl.swift */; };
		D5B2B3BF27FA727500FA1E17 /* AppDelegate.swift in Sources */ = {isa = PBXBuildFile; fileRef = D5B2B3BE27FA727500FA1E17 /* AppDelegate.swift */; };
		D5B2B3C127FA727500FA1E17 /* SceneDelegate.swift in Sources */ = {isa = PBXBuildFile; fileRef = D5B2B3C027FA727500FA1E17 /* SceneDelegate.swift */; };
		D5B2B3C627FA727500FA1E17 /* Main.storyboard in Resources */ = {isa = PBXBuildFile; fileRef = D5B2B3C427FA727500FA1E17 /* Main.storyboard */; };
		D5B2B3C927FA727500FA1E17 /* Weather.xcdatamodeld in Sources */ = {isa = PBXBuildFile; fileRef = D5B2B3C727FA727500FA1E17 /* Weather.xcdatamodeld */; };
		D5B2B3CB27FA727800FA1E17 /* Assets.xcassets in Resources */ = {isa = PBXBuildFile; fileRef = D5B2B3CA27FA727800FA1E17 /* Assets.xcassets */; };
		D5B2B3CE27FA727800FA1E17 /* LaunchScreen.storyboard in Resources */ = {isa = PBXBuildFile; fileRef = D5B2B3CC27FA727800FA1E17 /* LaunchScreen.storyboard */; };
		D5B2B3D627FA72AB00FA1E17 /* LoginFormController.swift in Sources */ = {isa = PBXBuildFile; fileRef = D5B2B3D527FA72AB00FA1E17 /* LoginFormController.swift */; };
		D5C668422811AEF900B9F04A /* CitiesTableViewCell.swift in Sources */ = {isa = PBXBuildFile; fileRef = D5C668402811AEF900B9F04A /* CitiesTableViewCell.swift */; };
		D5C668432811AEF900B9F04A /* CitiesTableViewCell.xib in Resources */ = {isa = PBXBuildFile; fileRef = D5C668412811AEF900B9F04A /* CitiesTableViewCell.xib */; };
		D5C668452812E4C100B9F04A /* WeatherCollectionViewLayout.swift in Sources */ = {isa = PBXBuildFile; fileRef = D5C668442812E4C100B9F04A /* WeatherCollectionViewLayout.swift */; };
/* End PBXBuildFile section */

/* Begin PBXFileReference section */
		D50C01702801983B006D8583 /* AllCitiesTableViewController.swift */ = {isa = PBXFileReference; lastKnownFileType = sourcecode.swift; path = AllCitiesTableViewController.swift; sourceTree = "<group>"; };
		D50C017B2801BA6E006D8583 /* MyCitiesTableViewController.swift */ = {isa = PBXFileReference; lastKnownFileType = sourcecode.swift; path = MyCitiesTableViewController.swift; sourceTree = "<group>"; };
		D50C017E2801CDA3006D8583 /* WeatherViewController.swift */ = {isa = PBXFileReference; lastKnownFileType = sourcecode.swift; path = WeatherViewController.swift; sourceTree = "<group>"; };
		D50C01802801CDBD006D8583 /* WeatherCollectionViewCell.swift */ = {isa = PBXFileReference; lastKnownFileType = sourcecode.swift; path = WeatherCollectionViewCell.swift; sourceTree = "<group>"; };
		D53C9FCF28097526004A7369 /* GradientUIView.swift */ = {isa = PBXFileReference; lastKnownFileType = sourcecode.swift; path = GradientUIView.swift; sourceTree = "<group>"; };
		D53C9FD228097DE7004A7369 /* WeekDayPickerUIControl.swift */ = {isa = PBXFileReference; lastKnownFileType = sourcecode.swift; path = WeekDayPickerUIControl.swift; sourceTree = "<group>"; };
		D5B2B3BB27FA727500FA1E17 /* Weather.app */ = {isa = PBXFileReference; explicitFileType = wrapper.application; includeInIndex = 0; path = Weather.app; sourceTree = BUILT_PRODUCTS_DIR; };
		D5B2B3BE27FA727500FA1E17 /* AppDelegate.swift */ = {isa = PBXFileReference; lastKnownFileType = sourcecode.swift; path = AppDelegate.swift; sourceTree = "<group>"; };
		D5B2B3C027FA727500FA1E17 /* SceneDelegate.swift */ = {isa = PBXFileReference; lastKnownFileType = sourcecode.swift; path = SceneDelegate.swift; sourceTree = "<group>"; };
		D5B2B3C527FA727500FA1E17 /* Base */ = {isa = PBXFileReference; lastKnownFileType = file.storyboard; name = Base; path = Base.lproj/Main.storyboard; sourceTree = "<group>"; };
		D5B2B3C827FA727500FA1E17 /* Weather.xcdatamodel */ = {isa = PBXFileReference; lastKnownFileType = wrapper.xcdatamodel; path = Weather.xcdatamodel; sourceTree = "<group>"; };
		D5B2B3CA27FA727800FA1E17 /* Assets.xcassets */ = {isa = PBXFileReference; lastKnownFileType = folder.assetcatalog; path = Assets.xcassets; sourceTree = "<group>"; };
		D5B2B3CD27FA727800FA1E17 /* Base */ = {isa = PBXFileReference; lastKnownFileType = file.storyboard; name = Base; path = Base.lproj/LaunchScreen.storyboard; sourceTree = "<group>"; };
		D5B2B3CF27FA727800FA1E17 /* Info.plist */ = {isa = PBXFileReference; lastKnownFileType = text.plist.xml; path = Info.plist; sourceTree = "<group>"; };
		D5B2B3D527FA72AB00FA1E17 /* LoginFormController.swift */ = {isa = PBXFileReference; lastKnownFileType = sourcecode.swift; path = LoginFormController.swift; sourceTree = "<group>"; };
		D5C668402811AEF900B9F04A /* CitiesTableViewCell.swift */ = {isa = PBXFileReference; lastKnownFileType = sourcecode.swift; path = CitiesTableViewCell.swift; sourceTree = "<group>"; };
		D5C668412811AEF900B9F04A /* CitiesTableViewCell.xib */ = {isa = PBXFileReference; lastKnownFileType = file.xib; path = CitiesTableViewCell.xib; sourceTree = "<group>"; };
		D5C668442812E4C100B9F04A /* WeatherCollectionViewLayout.swift */ = {isa = PBXFileReference; lastKnownFileType = sourcecode.swift; path = WeatherCollectionViewLayout.swift; sourceTree = "<group>"; };
/* End PBXFileReference section */

/* Begin PBXFrameworksBuildPhase section */
		D5B2B3B827FA727500FA1E17 /* Frameworks */ = {
			isa = PBXFrameworksBuildPhase;
			buildActionMask = 2147483647;
			files = (
			);
			runOnlyForDeploymentPostprocessing = 0;
		};
/* End PBXFrameworksBuildPhase section */

/* Begin PBXGroup section */
		D50C016F280197C4006D8583 /* AllCities */ = {
			isa = PBXGroup;
			children = (
				D50C01702801983B006D8583 /* AllCitiesTableViewController.swift */,
			);
			path = AllCities;
			sourceTree = "<group>";
		};
		D50C01742801B9B7006D8583 /* MyCities */ = {
			isa = PBXGroup;
			children = (
				D5C668402811AEF900B9F04A /* CitiesTableViewCell.swift */,
				D5C668412811AEF900B9F04A /* CitiesTableViewCell.xib */,
				D50C017B2801BA6E006D8583 /* MyCitiesTableViewController.swift */,
			);
			path = MyCities;
			sourceTree = "<group>";
		};
		D50C017D2801CD84006D8583 /* Weather */ = {
			isa = PBXGroup;
			children = (
				D50C017E2801CDA3006D8583 /* WeatherViewController.swift */,
				D5C668442812E4C100B9F04A /* WeatherCollectionViewLayout.swift */,
				D50C01802801CDBD006D8583 /* WeatherCollectionViewCell.swift */,
			);
			path = Weather;
			sourceTree = "<group>";
		};
		D53C9FD12809752F004A7369 /* Login */ = {
			isa = PBXGroup;
			children = (
				D5B2B3D527FA72AB00FA1E17 /* LoginFormController.swift */,
				D53C9FCF28097526004A7369 /* GradientUIView.swift */,
			);
			path = Login;
			sourceTree = "<group>";
		};
		D5B2B3B227FA727500FA1E17 = {
			isa = PBXGroup;
			children = (
				D5B2B3BD27FA727500FA1E17 /* Weather */,
				D5B2B3BC27FA727500FA1E17 /* Products */,
			);
			sourceTree = "<group>";
		};
		D5B2B3BC27FA727500FA1E17 /* Products */ = {
			isa = PBXGroup;
			children = (
				D5B2B3BB27FA727500FA1E17 /* Weather.app */,
			);
			name = Products;
			sourceTree = "<group>";
		};
		D5B2B3BD27FA727500FA1E17 /* Weather */ = {
			isa = PBXGroup;
			children = (
				D53C9FD228097DE7004A7369 /* WeekDayPickerUIControl.swift */,
				D50C017D2801CD84006D8583 /* Weather */,
				D50C01742801B9B7006D8583 /* MyCities */,
				D50C016F280197C4006D8583 /* AllCities */,
				D53C9FD12809752F004A7369 /* Login */,
				D5B2B3BE27FA727500FA1E17 /* AppDelegate.swift */,
				D5B2B3C027FA727500FA1E17 /* SceneDelegate.swift */,
				D5B2B3C427FA727500FA1E17 /* Main.storyboard */,
				D5B2B3CA27FA727800FA1E17 /* Assets.xcassets */,
				D5B2B3CC27FA727800FA1E17 /* LaunchScreen.storyboard */,
				D5B2B3CF27FA727800FA1E17 /* Info.plist */,
				D5B2B3C727FA727500FA1E17 /* Weather.xcdatamodeld */,
			);
			path = Weather;
			sourceTree = "<group>";
		};
/* End PBXGroup section */

/* Begin PBXNativeTarget section */
		D5B2B3BA27FA727500FA1E17 /* Weather */ = {
			isa = PBXNativeTarget;
			buildConfigurationList = D5B2B3D227FA727800FA1E17 /* Build configuration list for PBXNativeTarget "Weather" */;
			buildPhases = (
				D5B2B3B727FA727500FA1E17 /* Sources */,
				D5B2B3B827FA727500FA1E17 /* Frameworks */,
				D5B2B3B927FA727500FA1E17 /* Resources */,
			);
			buildRules = (
			);
			dependencies = (
			);
			name = Weather;
			productName = Weather;
			productReference = D5B2B3BB27FA727500FA1E17 /* Weather.app */;
			productType = "com.apple.product-type.application";
		};
/* End PBXNativeTarget section */

/* Begin PBXProject section */
		D5B2B3B327FA727500FA1E17 /* Project object */ = {
			isa = PBXProject;
			attributes = {
				BuildIndependentTargetsInParallel = 1;
				LastSwiftUpdateCheck = 1330;
				LastUpgradeCheck = 1330;
				TargetAttributes = {
					D5B2B3BA27FA727500FA1E17 = {
						CreatedOnToolsVersion = 13.3;
					};
				};
			};
			buildConfigurationList = D5B2B3B627FA727500FA1E17 /* Build configuration list for PBXProject "Weather" */;
			compatibilityVersion = "Xcode 13.0";
			developmentRegion = en;
			hasScannedForEncodings = 0;
			knownRegions = (
				en,
				Base,
			);
			mainGroup = D5B2B3B227FA727500FA1E17;
			productRefGroup = D5B2B3BC27FA727500FA1E17 /* Products */;
			projectDirPath = "";
			projectRoot = "";
			targets = (
				D5B2B3BA27FA727500FA1E17 /* Weather */,
			);
		};
/* End PBXProject section */

/* Begin PBXResourcesBuildPhase section */
		D5B2B3B927FA727500FA1E17 /* Resources */ = {
			isa = PBXResourcesBuildPhase;
			buildActionMask = 2147483647;
			files = (
				D5C668432811AEF900B9F04A /* CitiesTableViewCell.xib in Resources */,
				D5B2B3CE27FA727800FA1E17 /* LaunchScreen.storyboard in Resources */,
				D5B2B3CB27FA727800FA1E17 /* Assets.xcassets in Resources */,
				D5B2B3C627FA727500FA1E17 /* Main.storyboard in Resources */,
			);
			runOnlyForDeploymentPostprocessing = 0;
		};
/* End PBXResourcesBuildPhase section */

/* Begin PBXSourcesBuildPhase section */
		D5B2B3B727FA727500FA1E17 /* Sources */ = {
			isa = PBXSourcesBuildPhase;
			buildActionMask = 2147483647;
			files = (
				D5C668422811AEF900B9F04A /* CitiesTableViewCell.swift in Sources */,
				D50C017F2801CDA3006D8583 /* WeatherViewController.swift in Sources */,
				D53C9FD028097526004A7369 /* GradientUIView.swift in Sources */,
				D5C668452812E4C100B9F04A /* WeatherCollectionViewLayout.swift in Sources */,
				D5B2B3C927FA727500FA1E17 /* Weather.xcdatamodeld in Sources */,
				D5B2B3BF27FA727500FA1E17 /* AppDelegate.swift in Sources */,
				D5B2B3C127FA727500FA1E17 /* SceneDelegate.swift in Sources */,
				D50C01812801CDBD006D8583 /* WeatherCollectionViewCell.swift in Sources */,
				D5B2B3D627FA72AB00FA1E17 /* LoginFormController.swift in Sources */,
				D50C017C2801BA6E006D8583 /* MyCitiesTableViewController.swift in Sources */,
				D53C9FD328097DE7004A7369 /* WeekDayPickerUIControl.swift in Sources */,
				D50C01712801983B006D8583 /* AllCitiesTableViewController.swift in Sources */,
			);
			runOnlyForDeploymentPostprocessing = 0;
		};
/* End PBXSourcesBuildPhase section */

/* Begin PBXVariantGroup section */
		D5B2B3C427FA727500FA1E17 /* Main.storyboard */ = {
			isa = PBXVariantGroup;
			children = (
				D5B2B3C527FA727500FA1E17 /* Base */,
			);
			name = Main.storyboard;
			sourceTree = "<group>";
		};
		D5B2B3CC27FA727800FA1E17 /* LaunchScreen.storyboard */ = {
			isa = PBXVariantGroup;
			children = (
				D5B2B3CD27FA727800FA1E17 /* Base */,
			);
			name = LaunchScreen.storyboard;
			sourceTree = "<group>";
		};
/* End PBXVariantGroup section */

/* Begin XCBuildConfiguration section */
		D5B2B3D027FA727800FA1E17 /* Debug */ = {
			isa = XCBuildConfiguration;
			buildSettings = {
				ALWAYS_SEARCH_USER_PATHS = NO;
				CLANG_ANALYZER_NONNULL = YES;
				CLANG_ANALYZER_NUMBER_OBJECT_CONVERSION = YES_AGGRESSIVE;
				CLANG_CXX_LANGUAGE_STANDARD = "gnu++17";
				CLANG_ENABLE_MODULES = YES;
				CLANG_ENABLE_OBJC_ARC = YES;
				CLANG_ENABLE_OBJC_WEAK = YES;
				CLANG_WARN_BLOCK_CAPTURE_AUTORELEASING = YES;
				CLANG_WARN_BOOL_CONVERSION = YES;
				CLANG_WARN_COMMA = YES;
				CLANG_WARN_CONSTANT_CONVERSION = YES;
				CLANG_WARN_DEPRECATED_OBJC_IMPLEMENTATIONS = YES;
				CLANG_WARN_DIRECT_OBJC_ISA_USAGE = YES_ERROR;
				CLANG_WARN_DOCUMENTATION_COMMENTS = YES;
				CLANG_WARN_EMPTY_BODY = YES;
				CLANG_WARN_ENUM_CONVERSION = YES;
				CLANG_WARN_INFINITE_RECURSION = YES;
				CLANG_WARN_INT_CONVERSION = YES;
				CLANG_WARN_NON_LITERAL_NULL_CONVERSION = YES;
				CLANG_WARN_OBJC_IMPLICIT_RETAIN_SELF = YES;
				CLANG_WARN_OBJC_LITERAL_CONVERSION = YES;
				CLANG_WARN_OBJC_ROOT_CLASS = YES_ERROR;
				CLANG_WARN_QUOTED_INCLUDE_IN_FRAMEWORK_HEADER = YES;
				CLANG_WARN_RANGE_LOOP_ANALYSIS = YES;
				CLANG_WARN_STRICT_PROTOTYPES = YES;
				CLANG_WARN_SUSPICIOUS_MOVE = YES;
				CLANG_WARN_UNGUARDED_AVAILABILITY = YES_AGGRESSIVE;
				CLANG_WARN_UNREACHABLE_CODE = YES;
				CLANG_WARN__DUPLICATE_METHOD_MATCH = YES;
				COPY_PHASE_STRIP = NO;
				DEBUG_INFORMATION_FORMAT = dwarf;
				ENABLE_STRICT_OBJC_MSGSEND = YES;
				ENABLE_TESTABILITY = YES;
				GCC_C_LANGUAGE_STANDARD = gnu11;
				GCC_DYNAMIC_NO_PIC = NO;
				GCC_NO_COMMON_BLOCKS = YES;
				GCC_OPTIMIZATION_LEVEL = 0;
				GCC_PREPROCESSOR_DEFINITIONS = (
					"DEBUG=1",
					"$(inherited)",
				);
				GCC_WARN_64_TO_32_BIT_CONVERSION = YES;
				GCC_WARN_ABOUT_RETURN_TYPE = YES_ERROR;
				GCC_WARN_UNDECLARED_SELECTOR = YES;
				GCC_WARN_UNINITIALIZED_AUTOS = YES_AGGRESSIVE;
				GCC_WARN_UNUSED_FUNCTION = YES;
				GCC_WARN_UNUSED_VARIABLE = YES;
				IPHONEOS_DEPLOYMENT_TARGET = 15.4;
				MTL_ENABLE_DEBUG_INFO = INCLUDE_SOURCE;
				MTL_FAST_MATH = YES;
				ONLY_ACTIVE_ARCH = YES;
				SDKROOT = iphoneos;
				SWIFT_ACTIVE_COMPILATION_CONDITIONS = DEBUG;
				SWIFT_OPTIMIZATION_LEVEL = "-Onone";
			};
			name = Debug;
		};
		D5B2B3D127FA727800FA1E17 /* Release */ = {
			isa = XCBuildConfiguration;
			buildSettings = {
				ALWAYS_SEARCH_USER_PATHS = NO;
				CLANG_ANALYZER_NONNULL = YES;
				CLANG_ANALYZER_NUMBER_OBJECT_CONVERSION = YES_AGGRESSIVE;
				CLANG_CXX_LANGUAGE_STANDARD = "gnu++17";
				CLANG_ENABLE_MODULES = YES;
				CLANG_ENABLE_OBJC_ARC = YES;
				CLANG_ENABLE_OBJC_WEAK = YES;
				CLANG_WARN_BLOCK_CAPTURE_AUTORELEASING = YES;
				CLANG_WARN_BOOL_CONVERSION = YES;
				CLANG_WARN_COMMA = YES;
				CLANG_WARN_CONSTANT_CONVERSION = YES;
				CLANG_WARN_DEPRECATED_OBJC_IMPLEMENTATIONS = YES;
				CLANG_WARN_DIRECT_OBJC_ISA_USAGE = YES_ERROR;
				CLANG_WARN_DOCUMENTATION_COMMENTS = YES;
				CLANG_WARN_EMPTY_BODY = YES;
				CLANG_WARN_ENUM_CONVERSION = YES;
				CLANG_WARN_INFINITE_RECURSION = YES;
				CLANG_WARN_INT_CONVERSION = YES;
				CLANG_WARN_NON_LITERAL_NULL_CONVERSION = YES;
				CLANG_WARN_OBJC_IMPLICIT_RETAIN_SELF = YES;
				CLANG_WARN_OBJC_LITERAL_CONVERSION = YES;
				CLANG_WARN_OBJC_ROOT_CLASS = YES_ERROR;
				CLANG_WARN_QUOTED_INCLUDE_IN_FRAMEWORK_HEADER = YES;
				CLANG_WARN_RANGE_LOOP_ANALYSIS = YES;
				CLANG_WARN_STRICT_PROTOTYPES = YES;
				CLANG_WARN_SUSPICIOUS_MOVE = YES;
				CLANG_WARN_UNGUARDED_AVAILABILITY = YES_AGGRESSIVE;
				CLANG_WARN_UNREACHABLE_CODE = YES;
				CLANG_WARN__DUPLICATE_METHOD_MATCH = YES;
				COPY_PHASE_STRIP = NO;
				DEBUG_INFORMATION_FORMAT = "dwarf-with-dsym";
				ENABLE_NS_ASSERTIONS = NO;
				ENABLE_STRICT_OBJC_MSGSEND = YES;
				GCC_C_LANGUAGE_STANDARD = gnu11;
				GCC_NO_COMMON_BLOCKS = YES;
				GCC_WARN_64_TO_32_BIT_CONVERSION = YES;
				GCC_WARN_ABOUT_RETURN_TYPE = YES_ERROR;
				GCC_WARN_UNDECLARED_SELECTOR = YES;
				GCC_WARN_UNINITIALIZED_AUTOS = YES_AGGRESSIVE;
				GCC_WARN_UNUSED_FUNCTION = YES;
				GCC_WARN_UNUSED_VARIABLE = YES;
				IPHONEOS_DEPLOYMENT_TARGET = 15.4;
				MTL_ENABLE_DEBUG_INFO = NO;
				MTL_FAST_MATH = YES;
				SDKROOT = iphoneos;
				SWIFT_COMPILATION_MODE = wholemodule;
				SWIFT_OPTIMIZATION_LEVEL = "-O";
				VALIDATE_PRODUCT = YES;
			};
			name = Release;
		};
		D5B2B3D327FA727800FA1E17 /* Debug */ = {
			isa = XCBuildConfiguration;
			buildSettings = {
				ASSETCATALOG_COMPILER_APPICON_NAME = AppIcon;
				ASSETCATALOG_COMPILER_GLOBAL_ACCENT_COLOR_NAME = AccentColor;
				CODE_SIGN_STYLE = Automatic;
				CURRENT_PROJECT_VERSION = 1;
				DEVELOPMENT_TEAM = KCR277F8KP;
				GENERATE_INFOPLIST_FILE = YES;
				INFOPLIST_FILE = Weather/Info.plist;
				INFOPLIST_KEY_UIApplicationSupportsIndirectInputEvents = YES;
				INFOPLIST_KEY_UILaunchStoryboardName = LaunchScreen;
				INFOPLIST_KEY_UIMainStoryboardFile = Main;
				INFOPLIST_KEY_UISupportedInterfaceOrientations_iPad = "UIInterfaceOrientationPortrait UIInterfaceOrientationPortraitUpsideDown UIInterfaceOrientationLandscapeLeft UIInterfaceOrientationLandscapeRight";
				INFOPLIST_KEY_UISupportedInterfaceOrientations_iPhone = "UIInterfaceOrientationPortrait UIInterfaceOrientationLandscapeLeft UIInterfaceOrientationLandscapeRight";
				LD_RUNPATH_SEARCH_PATHS = (
					"$(inherited)",
					"@executable_path/Frameworks",
				);
				MARKETING_VERSION = 1.0;
				PRODUCT_BUNDLE_IDENTIFIER = DzmitrySuprun.Weather;
				PRODUCT_NAME = "$(TARGET_NAME)";
				SWIFT_EMIT_LOC_STRINGS = YES;
				SWIFT_VERSION = 5.0;
				TARGETED_DEVICE_FAMILY = "1,2";
			};
			name = Debug;
		};
		D5B2B3D427FA727800FA1E17 /* Release */ = {
			isa = XCBuildConfiguration;
			buildSettings = {
				ASSETCATALOG_COMPILER_APPICON_NAME = AppIcon;
				ASSETCATALOG_COMPILER_GLOBAL_ACCENT_COLOR_NAME = AccentColor;
				CODE_SIGN_STYLE = Automatic;
				CURRENT_PROJECT_VERSION = 1;
				DEVELOPMENT_TEAM = KCR277F8KP;
				GENERATE_INFOPLIST_FILE = YES;
				INFOPLIST_FILE = Weather/Info.plist;
				INFOPLIST_KEY_UIApplicationSupportsIndirectInputEvents = YES;
				INFOPLIST_KEY_UILaunchStoryboardName = LaunchScreen;
				INFOPLIST_KEY_UIMainStoryboardFile = Main;
				INFOPLIST_KEY_UISupportedInterfaceOrientations_iPad = "UIInterfaceOrientationPortrait UIInterfaceOrientationPortraitUpsideDown UIInterfaceOrientationLandscapeLeft UIInterfaceOrientationLandscapeRight";
				INFOPLIST_KEY_UISupportedInterfaceOrientations_iPhone = "UIInterfaceOrientationPortrait UIInterfaceOrientationLandscapeLeft UIInterfaceOrientationLandscapeRight";
				LD_RUNPATH_SEARCH_PATHS = (
					"$(inherited)",
					"@executable_path/Frameworks",
				);
				MARKETING_VERSION = 1.0;
				PRODUCT_BUNDLE_IDENTIFIER = DzmitrySuprun.Weather;
				PRODUCT_NAME = "$(TARGET_NAME)";
				SWIFT_EMIT_LOC_STRINGS = YES;
				SWIFT_VERSION = 5.0;
				TARGETED_DEVICE_FAMILY = "1,2";
			};
			name = Release;
		};
/* End XCBuildConfiguration section */

/* Begin XCConfigurationList section */
		D5B2B3B627FA727500FA1E17 /* Build configuration list for PBXProject "Weather" */ = {
			isa = XCConfigurationList;
			buildConfigurations = (
				D5B2B3D027FA727800FA1E17 /* Debug */,
				D5B2B3D127FA727800FA1E17 /* Release */,
			);
			defaultConfigurationIsVisible = 0;
			defaultConfigurationName = Release;
		};
		D5B2B3D227FA727800FA1E17 /* Build configuration list for PBXNativeTarget "Weather" */ = {
			isa = XCConfigurationList;
			buildConfigurations = (
				D5B2B3D327FA727800FA1E17 /* Debug */,
				D5B2B3D427FA727800FA1E17 /* Release */,
			);
			defaultConfigurationIsVisible = 0;
			defaultConfigurationName = Release;
		};
/* End XCConfigurationList section */

/* Begin XCVersionGroup section */
		D5B2B3C727FA727500FA1E17 /* Weather.xcdatamodeld */ = {
			isa = XCVersionGroup;
			children = (
				D5B2B3C827FA727500FA1E17 /* Weather.xcdatamodel */,
			);
			currentVersion = D5B2B3C827FA727500FA1E17 /* Weather.xcdatamodel */;
			path = Weather.xcdatamodeld;
			sourceTree = "<group>";
			versionGroupType = wrapper.xcdatamodel;
		};
/* End XCVersionGroup section */
	};
	rootObject = D5B2B3B327FA727500FA1E17 /* Project object */;
}
